// !$*UTF8*$!
{
	archiveVersion = 1;
	classes = {
	};
	objectVersion = 46;
	objects = {

/* Begin PBXBuildFile section */
		ACD936C318700FA80018E0DA /* Foundation.framework in Frameworks */ = {isa = PBXBuildFile; fileRef = ACD936C218700FA80018E0DA /* Foundation.framework */; };
		ACD936C518700FA80018E0DA /* CoreGraphics.framework in Frameworks */ = {isa = PBXBuildFile; fileRef = ACD936C418700FA80018E0DA /* CoreGraphics.framework */; };
		ACD936C718700FA80018E0DA /* UIKit.framework in Frameworks */ = {isa = PBXBuildFile; fileRef = ACD936C618700FA80018E0DA /* UIKit.framework */; };
		ACD936CD18700FA80018E0DA /* InfoPlist.strings in Resources */ = {isa = PBXBuildFile; fileRef = ACD936CB18700FA80018E0DA /* InfoPlist.strings */; };
		ACD936CF18700FA80018E0DA /* main.m in Sources */ = {isa = PBXBuildFile; fileRef = ACD936CE18700FA80018E0DA /* main.m */; };
		ACD936D318700FA80018E0DA /* ColorpickerAppDelegate.m in Sources */ = {isa = PBXBuildFile; fileRef = ACD936D218700FA80018E0DA /* ColorpickerAppDelegate.m */; };
		ACD936D618700FA80018E0DA /* Main.storyboard in Resources */ = {isa = PBXBuildFile; fileRef = ACD936D418700FA80018E0DA /* Main.storyboard */; };
		ACD936D918700FA80018E0DA /* ColorpickerViewController.m in Sources */ = {isa = PBXBuildFile; fileRef = ACD936D818700FA80018E0DA /* ColorpickerViewController.m */; };
		ACD936DB18700FA80018E0DA /* Images.xcassets in Resources */ = {isa = PBXBuildFile; fileRef = ACD936DA18700FA80018E0DA /* Images.xcassets */; };
		ACD936E218700FA80018E0DA /* XCTest.framework in Frameworks */ = {isa = PBXBuildFile; fileRef = ACD936E118700FA80018E0DA /* XCTest.framework */; };
		ACD936E318700FA80018E0DA /* Foundation.framework in Frameworks */ = {isa = PBXBuildFile; fileRef = ACD936C218700FA80018E0DA /* Foundation.framework */; };
		ACD936E418700FA80018E0DA /* UIKit.framework in Frameworks */ = {isa = PBXBuildFile; fileRef = ACD936C618700FA80018E0DA /* UIKit.framework */; };
		ACD936EC18700FA80018E0DA /* InfoPlist.strings in Resources */ = {isa = PBXBuildFile; fileRef = ACD936EA18700FA80018E0DA /* InfoPlist.strings */; };
		ACD936EE18700FA80018E0DA /* colorpickerTests.m in Sources */ = {isa = PBXBuildFile; fileRef = ACD936ED18700FA80018E0DA /* colorpickerTests.m */; };
		ACD936FB18700FCD0018E0DA /* Default-568h@2x.png in Resources */ = {isa = PBXBuildFile; fileRef = ACD936F718700FCD0018E0DA /* Default-568h@2x.png */; };
		ACD936FC18700FCD0018E0DA /* Default.png in Resources */ = {isa = PBXBuildFile; fileRef = ACD936F818700FCD0018E0DA /* Default.png */; };
		ACD936FD18700FCD0018E0DA /* Default@2x.png in Resources */ = {isa = PBXBuildFile; fileRef = ACD936F918700FCD0018E0DA /* Default@2x.png */; };
		ACD936FE18700FCD0018E0DA /* Icon@2x.png in Resources */ = {isa = PBXBuildFile; fileRef = ACD936FA18700FCD0018E0DA /* Icon@2x.png */; };
/* End PBXBuildFile section */

/* Begin PBXContainerItemProxy section */
		ACD936E518700FA80018E0DA /* PBXContainerItemProxy */ = {
			isa = PBXContainerItemProxy;
			containerPortal = ACD936B718700FA80018E0DA /* Project object */;
			proxyType = 1;
			remoteGlobalIDString = ACD936BE18700FA80018E0DA;
			remoteInfo = colorpicker;
		};
/* End PBXContainerItemProxy section */

/* Begin PBXFileReference section */
		ACD936BF18700FA80018E0DA /* colorpicker.app */ = {isa = PBXFileReference; explicitFileType = wrapper.application; includeInIndex = 0; path = colorpicker.app; sourceTree = BUILT_PRODUCTS_DIR; };
		ACD936C218700FA80018E0DA /* Foundation.framework */ = {isa = PBXFileReference; lastKnownFileType = wrapper.framework; name = Foundation.framework; path = System/Library/Frameworks/Foundation.framework; sourceTree = SDKROOT; };
		ACD936C418700FA80018E0DA /* CoreGraphics.framework */ = {isa = PBXFileReference; lastKnownFileType = wrapper.framework; name = CoreGraphics.framework; path = System/Library/Frameworks/CoreGraphics.framework; sourceTree = SDKROOT; };
		ACD936C618700FA80018E0DA /* UIKit.framework */ = {isa = PBXFileReference; lastKnownFileType = wrapper.framework; name = UIKit.framework; path = System/Library/Frameworks/UIKit.framework; sourceTree = SDKROOT; };
		ACD936CA18700FA80018E0DA /* colorpicker-Info.plist */ = {isa = PBXFileReference; lastKnownFileType = text.plist.xml; path = "colorpicker-Info.plist"; sourceTree = "<group>"; };
		ACD936CC18700FA80018E0DA /* en */ = {isa = PBXFileReference; lastKnownFileType = text.plist.strings; name = en; path = en.lproj/InfoPlist.strings; sourceTree = "<group>"; };
		ACD936CE18700FA80018E0DA /* main.m */ = {isa = PBXFileReference; lastKnownFileType = sourcecode.c.objc; path = main.m; sourceTree = "<group>"; };
		ACD936D018700FA80018E0DA /* colorpicker-Prefix.pch */ = {isa = PBXFileReference; lastKnownFileType = sourcecode.c.h; path = "colorpicker-Prefix.pch"; sourceTree = "<group>"; };
		ACD936D118700FA80018E0DA /* ColorpickerAppDelegate.h */ = {isa = PBXFileReference; lastKnownFileType = sourcecode.c.h; path = ColorpickerAppDelegate.h; sourceTree = "<group>"; };
		ACD936D218700FA80018E0DA /* ColorpickerAppDelegate.m */ = {isa = PBXFileReference; lastKnownFileType = sourcecode.c.objc; path = ColorpickerAppDelegate.m; sourceTree = "<group>"; };
		ACD936D518700FA80018E0DA /* Base */ = {isa = PBXFileReference; lastKnownFileType = file.storyboard; name = Base; path = Base.lproj/Main.storyboard; sourceTree = "<group>"; };
		ACD936D718700FA80018E0DA /* ColorpickerViewController.h */ = {isa = PBXFileReference; lastKnownFileType = sourcecode.c.h; path = ColorpickerViewController.h; sourceTree = "<group>"; };
		ACD936D818700FA80018E0DA /* ColorpickerViewController.m */ = {isa = PBXFileReference; lastKnownFileType = sourcecode.c.objc; path = ColorpickerViewController.m; sourceTree = "<group>"; };
		ACD936DA18700FA80018E0DA /* Images.xcassets */ = {isa = PBXFileReference; lastKnownFileType = folder.assetcatalog; path = Images.xcassets; sourceTree = "<group>"; };
		ACD936E018700FA80018E0DA /* colorpickerTests.xctest */ = {isa = PBXFileReference; explicitFileType = wrapper.cfbundle; includeInIndex = 0; path = colorpickerTests.xctest; sourceTree = BUILT_PRODUCTS_DIR; };
		ACD936E118700FA80018E0DA /* XCTest.framework */ = {isa = PBXFileReference; lastKnownFileType = wrapper.framework; name = XCTest.framework; path = Library/Frameworks/XCTest.framework; sourceTree = DEVELOPER_DIR; };
		ACD936E918700FA80018E0DA /* colorpickerTests-Info.plist */ = {isa = PBXFileReference; lastKnownFileType = text.plist.xml; path = "colorpickerTests-Info.plist"; sourceTree = "<group>"; };
		ACD936EB18700FA80018E0DA /* en */ = {isa = PBXFileReference; lastKnownFileType = text.plist.strings; name = en; path = en.lproj/InfoPlist.strings; sourceTree = "<group>"; };
		ACD936ED18700FA80018E0DA /* colorpickerTests.m */ = {isa = PBXFileReference; lastKnownFileType = sourcecode.c.objc; path = colorpickerTests.m; sourceTree = "<group>"; };
		ACD936F718700FCD0018E0DA /* Default-568h@2x.png */ = {isa = PBXFileReference; lastKnownFileType = image.png; path = "Default-568h@2x.png"; sourceTree = "<group>"; };
		ACD936F818700FCD0018E0DA /* Default.png */ = {isa = PBXFileReference; lastKnownFileType = image.png; path = Default.png; sourceTree = "<group>"; };
		ACD936F918700FCD0018E0DA /* Default@2x.png */ = {isa = PBXFileReference; lastKnownFileType = image.png; path = "Default@2x.png"; sourceTree = "<group>"; };
		ACD936FA18700FCD0018E0DA /* Icon@2x.png */ = {isa = PBXFileReference; lastKnownFileType = image.png; path = "Icon@2x.png"; sourceTree = "<group>"; };
/* End PBXFileReference section */

/* Begin PBXFrameworksBuildPhase section */
		ACD936BC18700FA80018E0DA /* Frameworks */ = {
			isa = PBXFrameworksBuildPhase;
			buildActionMask = 2147483647;
			files = (
				ACD936C518700FA80018E0DA /* CoreGraphics.framework in Frameworks */,
				ACD936C718700FA80018E0DA /* UIKit.framework in Frameworks */,
				ACD936C318700FA80018E0DA /* Foundation.framework in Frameworks */,
			);
			runOnlyForDeploymentPostprocessing = 0;
		};
		ACD936DD18700FA80018E0DA /* Frameworks */ = {
			isa = PBXFrameworksBuildPhase;
			buildActionMask = 2147483647;
			files = (
				ACD936E218700FA80018E0DA /* XCTest.framework in Frameworks */,
				ACD936E418700FA80018E0DA /* UIKit.framework in Frameworks */,
				ACD936E318700FA80018E0DA /* Foundation.framework in Frameworks */,
			);
			runOnlyForDeploymentPostprocessing = 0;
		};
/* End PBXFrameworksBuildPhase section */

/* Begin PBXGroup section */
		ACD936B618700FA80018E0DA = {
			isa = PBXGroup;
			children = (
				ACD936C818700FA80018E0DA /* colorpicker */,
				ACD936E718700FA80018E0DA /* colorpickerTests */,
				ACD936C118700FA80018E0DA /* Frameworks */,
				ACD936C018700FA80018E0DA /* Products */,
			);
			sourceTree = "<group>";
		};
		ACD936C018700FA80018E0DA /* Products */ = {
			isa = PBXGroup;
			children = (
				ACD936BF18700FA80018E0DA /* colorpicker.app */,
				ACD936E018700FA80018E0DA /* colorpickerTests.xctest */,
			);
			name = Products;
			sourceTree = "<group>";
		};
		ACD936C118700FA80018E0DA /* Frameworks */ = {
			isa = PBXGroup;
			children = (
				ACD936C218700FA80018E0DA /* Foundation.framework */,
				ACD936C418700FA80018E0DA /* CoreGraphics.framework */,
				ACD936C618700FA80018E0DA /* UIKit.framework */,
				ACD936E118700FA80018E0DA /* XCTest.framework */,
			);
			name = Frameworks;
			sourceTree = "<group>";
		};
		ACD936C818700FA80018E0DA /* colorpicker */ = {
			isa = PBXGroup;
			children = (
				ACD936D118700FA80018E0DA /* ColorpickerAppDelegate.h */,
				ACD936D218700FA80018E0DA /* ColorpickerAppDelegate.m */,
				ACD936D418700FA80018E0DA /* Main.storyboard */,
				ACD936D718700FA80018E0DA /* ColorpickerViewController.h */,
				ACD936D818700FA80018E0DA /* ColorpickerViewController.m */,
				ACD936DA18700FA80018E0DA /* Images.xcassets */,
				ACD936C918700FA80018E0DA /* Supporting Files */,
			);
			path = colorpicker;
			sourceTree = "<group>";
		};
		ACD936C918700FA80018E0DA /* Supporting Files */ = {
			isa = PBXGroup;
			children = (
				ACD936F718700FCD0018E0DA /* Default-568h@2x.png */,
				ACD936F818700FCD0018E0DA /* Default.png */,
				ACD936F918700FCD0018E0DA /* Default@2x.png */,
				ACD936FA18700FCD0018E0DA /* Icon@2x.png */,
				ACD936CA18700FA80018E0DA /* colorpicker-Info.plist */,
				ACD936CB18700FA80018E0DA /* InfoPlist.strings */,
				ACD936CE18700FA80018E0DA /* main.m */,
				ACD936D018700FA80018E0DA /* colorpicker-Prefix.pch */,
			);
			name = "Supporting Files";
			sourceTree = "<group>";
		};
		ACD936E718700FA80018E0DA /* colorpickerTests */ = {
			isa = PBXGroup;
			children = (
				ACD936ED18700FA80018E0DA /* colorpickerTests.m */,
				ACD936E818700FA80018E0DA /* Supporting Files */,
			);
			path = colorpickerTests;
			sourceTree = "<group>";
		};
		ACD936E818700FA80018E0DA /* Supporting Files */ = {
			isa = PBXGroup;
			children = (
				ACD936E918700FA80018E0DA /* colorpickerTests-Info.plist */,
				ACD936EA18700FA80018E0DA /* InfoPlist.strings */,
			);
			name = "Supporting Files";
			sourceTree = "<group>";
		};
/* End PBXGroup section */

/* Begin PBXNativeTarget section */
		ACD936BE18700FA80018E0DA /* colorpicker */ = {
			isa = PBXNativeTarget;
			buildConfigurationList = ACD936F118700FA80018E0DA /* Build configuration list for PBXNativeTarget "colorpicker" */;
			buildPhases = (
				ACD936BB18700FA80018E0DA /* Sources */,
				ACD936BC18700FA80018E0DA /* Frameworks */,
				ACD936BD18700FA80018E0DA /* Resources */,
			);
			buildRules = (
			);
			dependencies = (
			);
			name = colorpicker;
			productName = colorpicker;
			productReference = ACD936BF18700FA80018E0DA /* colorpicker.app */;
			productType = "com.apple.product-type.application";
		};
		ACD936DF18700FA80018E0DA /* colorpickerTests */ = {
			isa = PBXNativeTarget;
			buildConfigurationList = ACD936F418700FA80018E0DA /* Build configuration list for PBXNativeTarget "colorpickerTests" */;
			buildPhases = (
				ACD936DC18700FA80018E0DA /* Sources */,
				ACD936DD18700FA80018E0DA /* Frameworks */,
				ACD936DE18700FA80018E0DA /* Resources */,
			);
			buildRules = (
			);
			dependencies = (
				ACD936E618700FA80018E0DA /* PBXTargetDependency */,
			);
			name = colorpickerTests;
			productName = colorpickerTests;
			productReference = ACD936E018700FA80018E0DA /* colorpickerTests.xctest */;
			productType = "com.apple.product-type.bundle.unit-test";
		};
/* End PBXNativeTarget section */

/* Begin PBXProject section */
		ACD936B718700FA80018E0DA /* Project object */ = {
			isa = PBXProject;
			attributes = {
				CLASSPREFIX = Colorpicker;
				LastUpgradeCheck = 0610;
				ORGANIZATIONNAME = "BESS HO";
				TargetAttributes = {
					ACD936DF18700FA80018E0DA = {
						TestTargetID = ACD936BE18700FA80018E0DA;
					};
				};
			};
			buildConfigurationList = ACD936BA18700FA80018E0DA /* Build configuration list for PBXProject "colorpicker" */;
			compatibilityVersion = "Xcode 3.2";
			developmentRegion = English;
			hasScannedForEncodings = 0;
			knownRegions = (
				en,
				Base,
			);
			mainGroup = ACD936B618700FA80018E0DA;
			productRefGroup = ACD936C018700FA80018E0DA /* Products */;
			projectDirPath = "";
			projectRoot = "";
			targets = (
				ACD936BE18700FA80018E0DA /* colorpicker */,
				ACD936DF18700FA80018E0DA /* colorpickerTests */,
			);
		};
/* End PBXProject section */

/* Begin PBXResourcesBuildPhase section */
		ACD936BD18700FA80018E0DA /* Resources */ = {
			isa = PBXResourcesBuildPhase;
			buildActionMask = 2147483647;
			files = (
				ACD936FD18700FCD0018E0DA /* Default@2x.png in Resources */,
				ACD936DB18700FA80018E0DA /* Images.xcassets in Resources */,
				ACD936FE18700FCD0018E0DA /* Icon@2x.png in Resources */,
				ACD936FB18700FCD0018E0DA /* Default-568h@2x.png in Resources */,
				ACD936CD18700FA80018E0DA /* InfoPlist.strings in Resources */,
				ACD936D618700FA80018E0DA /* Main.storyboard in Resources */,
				ACD936FC18700FCD0018E0DA /* Default.png in Resources */,
			);
			runOnlyForDeploymentPostprocessing = 0;
		};
		ACD936DE18700FA80018E0DA /* Resources */ = {
			isa = PBXResourcesBuildPhase;
			buildActionMask = 2147483647;
			files = (
				ACD936EC18700FA80018E0DA /* InfoPlist.strings in Resources */,
			);
			runOnlyForDeploymentPostprocessing = 0;
		};
/* End PBXResourcesBuildPhase section */

/* Begin PBXSourcesBuildPhase section */
		ACD936BB18700FA80018E0DA /* Sources */ = {
			isa = PBXSourcesBuildPhase;
			buildActionMask = 2147483647;
			files = (
				ACD936D318700FA80018E0DA /* ColorpickerAppDelegate.m in Sources */,
				ACD936D918700FA80018E0DA /* ColorpickerViewController.m in Sources */,
				ACD936CF18700FA80018E0DA /* main.m in Sources */,
			);
			runOnlyForDeploymentPostprocessing = 0;
		};
		ACD936DC18700FA80018E0DA /* Sources */ = {
			isa = PBXSourcesBuildPhase;
			buildActionMask = 2147483647;
			files = (
				ACD936EE18700FA80018E0DA /* colorpickerTests.m in Sources */,
			);
			runOnlyForDeploymentPostprocessing = 0;
		};
/* End PBXSourcesBuildPhase section */

/* Begin PBXTargetDependency section */
		ACD936E618700FA80018E0DA /* PBXTargetDependency */ = {
			isa = PBXTargetDependency;
			target = ACD936BE18700FA80018E0DA /* colorpicker */;
			targetProxy = ACD936E518700FA80018E0DA /* PBXContainerItemProxy */;
		};
/* End PBXTargetDependency section */

/* Begin PBXVariantGroup section */
		ACD936CB18700FA80018E0DA /* InfoPlist.strings */ = {
			isa = PBXVariantGroup;
			children = (
				ACD936CC18700FA80018E0DA /* en */,
			);
			name = InfoPlist.strings;
			sourceTree = "<group>";
		};
		ACD936D418700FA80018E0DA /* Main.storyboard */ = {
			isa = PBXVariantGroup;
			children = (
				ACD936D518700FA80018E0DA /* Base */,
			);
			name = Main.storyboard;
			sourceTree = "<group>";
		};
		ACD936EA18700FA80018E0DA /* InfoPlist.strings */ = {
			isa = PBXVariantGroup;
			children = (
				ACD936EB18700FA80018E0DA /* en */,
			);
			name = InfoPlist.strings;
			sourceTree = "<group>";
		};
/* End PBXVariantGroup section */

/* Begin XCBuildConfiguration section */
		ACD936EF18700FA80018E0DA /* Debug */ = {
			isa = XCBuildConfiguration;
			buildSettings = {
				ALWAYS_SEARCH_USER_PATHS = NO;
				CLANG_CXX_LANGUAGE_STANDARD = "gnu++0x";
				CLANG_CXX_LIBRARY = "libc++";
				CLANG_ENABLE_MODULES = YES;
				CLANG_ENABLE_OBJC_ARC = YES;
				CLANG_WARN_BOOL_CONVERSION = YES;
				CLANG_WARN_CONSTANT_CONVERSION = YES;
				CLANG_WARN_DIRECT_OBJC_ISA_USAGE = YES_ERROR;
				CLANG_WARN_EMPTY_BODY = YES;
				CLANG_WARN_ENUM_CONVERSION = YES;
				CLANG_WARN_INT_CONVERSION = YES;
				CLANG_WARN_OBJC_ROOT_CLASS = YES_ERROR;
				CLANG_WARN__DUPLICATE_METHOD_MATCH = YES;
				"CODE_SIGN_IDENTITY[sdk=iphoneos*]" = "iPhone Developer";
				COPY_PHASE_STRIP = NO;
				GCC_C_LANGUAGE_STANDARD = gnu99;
				GCC_DYNAMIC_NO_PIC = NO;
				GCC_OPTIMIZATION_LEVEL = 0;
				GCC_PREPROCESSOR_DEFINITIONS = (
					"DEBUG=1",
					"$(inherited)",
				);
				GCC_SYMBOLS_PRIVATE_EXTERN = NO;
				GCC_WARN_64_TO_32_BIT_CONVERSION = YES;
				GCC_WARN_ABOUT_RETURN_TYPE = YES_ERROR;
				GCC_WARN_UNDECLARED_SELECTOR = YES;
				GCC_WARN_UNINITIALIZED_AUTOS = YES;
				GCC_WARN_UNUSED_FUNCTION = YES;
				GCC_WARN_UNUSED_VARIABLE = YES;
				IPHONEOS_DEPLOYMENT_TARGET = 8.1;
				ONLY_ACTIVE_ARCH = YES;
				SDKROOT = iphoneos;
			};
			name = Debug;
		};
		ACD936F018700FA80018E0DA /* Release */ = {
			isa = XCBuildConfiguration;
			buildSettings = {
				ALWAYS_SEARCH_USER_PATHS = NO;
				CLANG_CXX_LANGUAGE_STANDARD = "gnu++0x";
				CLANG_CXX_LIBRARY = "libc++";
				CLANG_ENABLE_MODULES = YES;
				CLANG_ENABLE_OBJC_ARC = YES;
				CLANG_WARN_BOOL_CONVERSION = YES;
				CLANG_WARN_CONSTANT_CONVERSION = YES;
				CLANG_WARN_DIRECT_OBJC_ISA_USAGE = YES_ERROR;
				CLANG_WARN_EMPTY_BODY = YES;
				CLANG_WARN_ENUM_CONVERSION = YES;
				CLANG_WARN_INT_CONVERSION = YES;
				CLANG_WARN_OBJC_ROOT_CLASS = YES_ERROR;
				CLANG_WARN__DUPLICATE_METHOD_MATCH = YES;
				"CODE_SIGN_IDENTITY[sdk=iphoneos*]" = "iPhone Developer";
				COPY_PHASE_STRIP = YES;
				ENABLE_NS_ASSERTIONS = NO;
				GCC_C_LANGUAGE_STANDARD = gnu99;
				GCC_WARN_64_TO_32_BIT_CONVERSION = YES;
				GCC_WARN_ABOUT_RETURN_TYPE = YES_ERROR;
				GCC_WARN_UNDECLARED_SELECTOR = YES;
				GCC_WARN_UNINITIALIZED_AUTOS = YES;
				GCC_WARN_UNUSED_FUNCTION = YES;
				GCC_WARN_UNUSED_VARIABLE = YES;
				IPHONEOS_DEPLOYMENT_TARGET = 8.1;
				SDKROOT = iphoneos;
				VALIDATE_PRODUCT = YES;
			};
			name = Release;
		};
		ACD936F218700FA80018E0DA /* Debug */ = {
			isa = XCBuildConfiguration;
			buildSettings = {
				GCC_PRECOMPILE_PREFIX_HEADER = YES;
				GCC_PREFIX_HEADER = "colorpicker/colorpicker-Prefix.pch";
				INFOPLIST_FILE = "colorpicker/colorpicker-Info.plist";
				IPHONEOS_DEPLOYMENT_TARGET = 8.1;
				PRODUCT_NAME = "$(TARGET_NAME)";
				WRAPPER_EXTENSION = app;
			};
			name = Debug;
		};
		ACD936F318700FA80018E0DA /* Release */ = {
			isa = XCBuildConfiguration;
			buildSettings = {
				GCC_PRECOMPILE_PREFIX_HEADER = YES;
				GCC_PREFIX_HEADER = "colorpicker/colorpicker-Prefix.pch";
				INFOPLIST_FILE = "colorpicker/colorpicker-Info.plist";
				IPHONEOS_DEPLOYMENT_TARGET = 8.1;
				PRODUCT_NAME = "$(TARGET_NAME)";
				WRAPPER_EXTENSION = app;
			};
			name = Release;
		};
		ACD936F518700FA80018E0DA /* Debug */ = {
			isa = XCBuildConfiguration;
			buildSettings = {
				BUNDLE_LOADER = "$(BUILT_PRODUCTS_DIR)/colorpicker.app/colorpicker";
				FRAMEWORK_SEARCH_PATHS = (
					"$(SDKROOT)/Developer/Library/Frameworks",
					"$(inherited)",
					"$(DEVELOPER_FRAMEWORKS_DIR)",
				);
				GCC_PRECOMPILE_PREFIX_HEADER = YES;
				GCC_PREFIX_HEADER = "colorpicker/colorpicker-Prefix.pch";
				GCC_PREPROCESSOR_DEFINITIONS = (
					"DEBUG=1",
					"$(inherited)",
				);
				INFOPLIST_FILE = "colorpickerTests/colorpickerTests-Info.plist";
				PRODUCT_NAME = "$(TARGET_NAME)";
				TEST_HOST = "$(BUNDLE_LOADER)";
				WRAPPER_EXTENSION = xctest;
			};
			name = Debug;
		};
		ACD936F618700FA80018E0DA /* Release */ = {
			isa = XCBuildConfiguration;
			buildSettings = {
				BUNDLE_LOADER = "$(BUILT_PRODUCTS_DIR)/colorpicker.app/colorpicker";
				FRAMEWORK_SEARCH_PATHS = (
					"$(SDKROOT)/Developer/Library/Frameworks",
					"$(inherited)",
					"$(DEVELOPER_FRAMEWORKS_DIR)",
				);
				GCC_PRECOMPILE_PREFIX_HEADER = YES;
				GCC_PREFIX_HEADER = "colorpicker/colorpicker-Prefix.pch";
				INFOPLIST_FILE = "colorpickerTests/colorpickerTests-Info.plist";
				PRODUCT_NAME = "$(TARGET_NAME)";
				TEST_HOST = "$(BUNDLE_LOADER)";
				WRAPPER_EXTENSION = xctest;
			};
			name = Release;
		};
/* End XCBuildConfiguration section */

/* Begin XCConfigurationList section */
		ACD936BA18700FA80018E0DA /* Build configuration list for PBXProject "colorpicker" */ = {
			isa = XCConfigurationList;
			buildConfigurations = (
				ACD936EF18700FA80018E0DA /* Debug */,
				ACD936F018700FA80018E0DA /* Release */,
			);
			defaultConfigurationIsVisible = 0;
			defaultConfigurationName = Release;
		};
		ACD936F118700FA80018E0DA /* Build configuration list for PBXNativeTarget "colorpicker" */ = {
			isa = XCConfigurationList;
			buildConfigurations = (
				ACD936F218700FA80018E0DA /* Debug */,
				ACD936F318700FA80018E0DA /* Release */,
			);
			defaultConfigurationIsVisible = 0;
			defaultConfigurationName = Release;
		};
		ACD936F418700FA80018E0DA /* Build configuration list for PBXNativeTarget "colorpickerTests" */ = {
			isa = XCConfigurationList;
			buildConfigurations = (
				ACD936F518700FA80018E0DA /* Debug */,
				ACD936F618700FA80018E0DA /* Release */,
			);
			defaultConfigurationIsVisible = 0;
			defaultConfigurationName = Release;
		};
/* End XCConfigurationList section */
	};
	rootObject = ACD936B718700FA80018E0DA /* Project object */;
}
