// !$*UTF8*$!
{
	archiveVersion = 1;
	classes = {
	};
	objectVersion = 46;
	objects = {

/* Begin PBXBuildFile section */
		C6456CCD1B862D31007E932F /* main.m in Sources */ = {isa = PBXBuildFile; fileRef = C6456CCC1B862D31007E932F /* main.m */; };
		C6456CD01B862D31007E932F /* AppDelegate.m in Sources */ = {isa = PBXBuildFile; fileRef = C6456CCF1B862D31007E932F /* AppDelegate.m */; };
		C6456CD31B862D31007E932F /* MasterViewController.m in Sources */ = {isa = PBXBuildFile; fileRef = C6456CD21B862D31007E932F /* MasterViewController.m */; };
		C6456CD61B862D31007E932F /* DetailViewController.m in Sources */ = {isa = PBXBuildFile; fileRef = C6456CD51B862D31007E932F /* DetailViewController.m */; };
		C6456CD91B862D32007E932F /* Main.storyboard in Resources */ = {isa = PBXBuildFile; fileRef = C6456CD71B862D32007E932F /* Main.storyboard */; };
		C6456CDB1B862D32007E932F /* Assets.xcassets in Resources */ = {isa = PBXBuildFile; fileRef = C6456CDA1B862D32007E932F /* Assets.xcassets */; };
		C6456CDE1B862D32007E932F /* LaunchScreen.storyboard in Resources */ = {isa = PBXBuildFile; fileRef = C6456CDC1B862D32007E932F /* LaunchScreen.storyboard */; };
		C6456CE91B862D32007E932F /* PresidentsTests.m in Sources */ = {isa = PBXBuildFile; fileRef = C6456CE81B862D32007E932F /* PresidentsTests.m */; };
		C6456CF41B862D32007E932F /* PresidentsUITests.m in Sources */ = {isa = PBXBuildFile; fileRef = C6456CF31B862D32007E932F /* PresidentsUITests.m */; };
		C6A497231B8F640400327547 /* LanguageListController.m in Sources */ = {isa = PBXBuildFile; fileRef = C6A497221B8F640400327547 /* LanguageListController.m */; settings = {ASSET_TAGS = (); }; };
		C6F3D9451B8E12920086EB83 /* PresidentList.plist in Resources */ = {isa = PBXBuildFile; fileRef = C6F3D9441B8E12920086EB83 /* PresidentList.plist */; };
/* End PBXBuildFile section */

/* Begin PBXContainerItemProxy section */
		C6456CE51B862D32007E932F /* PBXContainerItemProxy */ = {
			isa = PBXContainerItemProxy;
			containerPortal = C6456CC01B862D31007E932F /* Project object */;
			proxyType = 1;
			remoteGlobalIDString = C6456CC71B862D31007E932F;
			remoteInfo = Presidents;
		};
		C6456CF01B862D32007E932F /* PBXContainerItemProxy */ = {
			isa = PBXContainerItemProxy;
			containerPortal = C6456CC01B862D31007E932F /* Project object */;
			proxyType = 1;
			remoteGlobalIDString = C6456CC71B862D31007E932F;
			remoteInfo = Presidents;
		};
/* End PBXContainerItemProxy section */

/* Begin PBXFileReference section */
		C6456CC81B862D31007E932F /* Presidents.app */ = {isa = PBXFileReference; explicitFileType = wrapper.application; includeInIndex = 0; path = Presidents.app; sourceTree = BUILT_PRODUCTS_DIR; };
		C6456CCC1B862D31007E932F /* main.m */ = {isa = PBXFileReference; lastKnownFileType = sourcecode.c.objc; path = main.m; sourceTree = "<group>"; };
		C6456CCE1B862D31007E932F /* AppDelegate.h */ = {isa = PBXFileReference; lastKnownFileType = sourcecode.c.h; path = AppDelegate.h; sourceTree = "<group>"; };
		C6456CCF1B862D31007E932F /* AppDelegate.m */ = {isa = PBXFileReference; lastKnownFileType = sourcecode.c.objc; path = AppDelegate.m; sourceTree = "<group>"; };
		C6456CD11B862D31007E932F /* MasterViewController.h */ = {isa = PBXFileReference; lastKnownFileType = sourcecode.c.h; path = MasterViewController.h; sourceTree = "<group>"; };
		C6456CD21B862D31007E932F /* MasterViewController.m */ = {isa = PBXFileReference; lastKnownFileType = sourcecode.c.objc; path = MasterViewController.m; sourceTree = "<group>"; };
		C6456CD41B862D31007E932F /* DetailViewController.h */ = {isa = PBXFileReference; lastKnownFileType = sourcecode.c.h; path = DetailViewController.h; sourceTree = "<group>"; };
		C6456CD51B862D31007E932F /* DetailViewController.m */ = {isa = PBXFileReference; lastKnownFileType = sourcecode.c.objc; path = DetailViewController.m; sourceTree = "<group>"; };
		C6456CD81B862D32007E932F /* Base */ = {isa = PBXFileReference; lastKnownFileType = file.storyboard; name = Base; path = Base.lproj/Main.storyboard; sourceTree = "<group>"; };
		C6456CDA1B862D32007E932F /* Assets.xcassets */ = {isa = PBXFileReference; lastKnownFileType = folder.assetcatalog; path = Assets.xcassets; sourceTree = "<group>"; };
		C6456CDD1B862D32007E932F /* Base */ = {isa = PBXFileReference; lastKnownFileType = file.storyboard; name = Base; path = Base.lproj/LaunchScreen.storyboard; sourceTree = "<group>"; };
		C6456CDF1B862D32007E932F /* Info.plist */ = {isa = PBXFileReference; lastKnownFileType = text.plist.xml; path = Info.plist; sourceTree = "<group>"; };
		C6456CE41B862D32007E932F /* PresidentsTests.xctest */ = {isa = PBXFileReference; explicitFileType = wrapper.cfbundle; includeInIndex = 0; path = PresidentsTests.xctest; sourceTree = BUILT_PRODUCTS_DIR; };
		C6456CE81B862D32007E932F /* PresidentsTests.m */ = {isa = PBXFileReference; lastKnownFileType = sourcecode.c.objc; path = PresidentsTests.m; sourceTree = "<group>"; };
		C6456CEA1B862D32007E932F /* Info.plist */ = {isa = PBXFileReference; lastKnownFileType = text.plist.xml; path = Info.plist; sourceTree = "<group>"; };
		C6456CEF1B862D32007E932F /* PresidentsUITests.xctest */ = {isa = PBXFileReference; explicitFileType = wrapper.cfbundle; includeInIndex = 0; path = PresidentsUITests.xctest; sourceTree = BUILT_PRODUCTS_DIR; };
		C6456CF31B862D32007E932F /* PresidentsUITests.m */ = {isa = PBXFileReference; lastKnownFileType = sourcecode.c.objc; path = PresidentsUITests.m; sourceTree = "<group>"; };
		C6456CF51B862D32007E932F /* Info.plist */ = {isa = PBXFileReference; lastKnownFileType = text.plist.xml; path = Info.plist; sourceTree = "<group>"; };
		C6A497211B8F640400327547 /* LanguageListController.h */ = {isa = PBXFileReference; fileEncoding = 4; lastKnownFileType = sourcecode.c.h; path = LanguageListController.h; sourceTree = "<group>"; };
		C6A497221B8F640400327547 /* LanguageListController.m */ = {isa = PBXFileReference; fileEncoding = 4; lastKnownFileType = sourcecode.c.objc; path = LanguageListController.m; sourceTree = "<group>"; };
		C6F3D9441B8E12920086EB83 /* PresidentList.plist */ = {isa = PBXFileReference; fileEncoding = 4; lastKnownFileType = text.plist.xml; path = PresidentList.plist; sourceTree = "<group>"; };
/* End PBXFileReference section */

/* Begin PBXFrameworksBuildPhase section */
		C6456CC51B862D31007E932F /* Frameworks */ = {
			isa = PBXFrameworksBuildPhase;
			buildActionMask = 2147483647;
			files = (
			);
			runOnlyForDeploymentPostprocessing = 0;
		};
		C6456CE11B862D32007E932F /* Frameworks */ = {
			isa = PBXFrameworksBuildPhase;
			buildActionMask = 2147483647;
			files = (
			);
			runOnlyForDeploymentPostprocessing = 0;
		};
		C6456CEC1B862D32007E932F /* Frameworks */ = {
			isa = PBXFrameworksBuildPhase;
			buildActionMask = 2147483647;
			files = (
			);
			runOnlyForDeploymentPostprocessing = 0;
		};
/* End PBXFrameworksBuildPhase section */

/* Begin PBXGroup section */
		C6456CBF1B862D31007E932F = {
			isa = PBXGroup;
			children = (
				C6456CCA1B862D31007E932F /* Presidents */,
				C6456CE71B862D32007E932F /* PresidentsTests */,
				C6456CF21B862D32007E932F /* PresidentsUITests */,
				C6456CC91B862D31007E932F /* Products */,
			);
			sourceTree = "<group>";
		};
		C6456CC91B862D31007E932F /* Products */ = {
			isa = PBXGroup;
			children = (
				C6456CC81B862D31007E932F /* Presidents.app */,
				C6456CE41B862D32007E932F /* PresidentsTests.xctest */,
				C6456CEF1B862D32007E932F /* PresidentsUITests.xctest */,
			);
			name = Products;
			sourceTree = "<group>";
		};
		C6456CCA1B862D31007E932F /* Presidents */ = {
			isa = PBXGroup;
			children = (
				C6456CCE1B862D31007E932F /* AppDelegate.h */,
				C6456CCF1B862D31007E932F /* AppDelegate.m */,
				C6456CD11B862D31007E932F /* MasterViewController.h */,
				C6456CD21B862D31007E932F /* MasterViewController.m */,
				C6456CD41B862D31007E932F /* DetailViewController.h */,
				C6456CD51B862D31007E932F /* DetailViewController.m */,
				C6A497211B8F640400327547 /* LanguageListController.h */,
				C6A497221B8F640400327547 /* LanguageListController.m */,
				C6456CD71B862D32007E932F /* Main.storyboard */,
				C6456CDA1B862D32007E932F /* Assets.xcassets */,
				C6456CDC1B862D32007E932F /* LaunchScreen.storyboard */,
				C6456CDF1B862D32007E932F /* Info.plist */,
				C6F3D9441B8E12920086EB83 /* PresidentList.plist */,
				C6456CCB1B862D31007E932F /* Supporting Files */,
			);
			path = Presidents;
			sourceTree = "<group>";
		};
		C6456CCB1B862D31007E932F /* Supporting Files */ = {
			isa = PBXGroup;
			children = (
				C6456CCC1B862D31007E932F /* main.m */,
			);
			name = "Supporting Files";
			sourceTree = "<group>";
		};
		C6456CE71B862D32007E932F /* PresidentsTests */ = {
			isa = PBXGroup;
			children = (
				C6456CE81B862D32007E932F /* PresidentsTests.m */,
				C6456CEA1B862D32007E932F /* Info.plist */,
			);
			path = PresidentsTests;
			sourceTree = "<group>";
		};
		C6456CF21B862D32007E932F /* PresidentsUITests */ = {
			isa = PBXGroup;
			children = (
				C6456CF31B862D32007E932F /* PresidentsUITests.m */,
				C6456CF51B862D32007E932F /* Info.plist */,
			);
			path = PresidentsUITests;
			sourceTree = "<group>";
		};
/* End PBXGroup section */

/* Begin PBXNativeTarget section */
		C6456CC71B862D31007E932F /* Presidents */ = {
			isa = PBXNativeTarget;
			buildConfigurationList = C6456CF81B862D32007E932F /* Build configuration list for PBXNativeTarget "Presidents" */;
			buildPhases = (
				C6456CC41B862D31007E932F /* Sources */,
				C6456CC51B862D31007E932F /* Frameworks */,
				C6456CC61B862D31007E932F /* Resources */,
			);
			buildRules = (
			);
			dependencies = (
			);
			name = Presidents;
			productName = Presidents;
			productReference = C6456CC81B862D31007E932F /* Presidents.app */;
			productType = "com.apple.product-type.application";
		};
		C6456CE31B862D32007E932F /* PresidentsTests */ = {
			isa = PBXNativeTarget;
			buildConfigurationList = C6456CFB1B862D32007E932F /* Build configuration list for PBXNativeTarget "PresidentsTests" */;
			buildPhases = (
				C6456CE01B862D32007E932F /* Sources */,
				C6456CE11B862D32007E932F /* Frameworks */,
				C6456CE21B862D32007E932F /* Resources */,
			);
			buildRules = (
			);
			dependencies = (
				C6456CE61B862D32007E932F /* PBXTargetDependency */,
			);
			name = PresidentsTests;
			productName = PresidentsTests;
			productReference = C6456CE41B862D32007E932F /* PresidentsTests.xctest */;
			productType = "com.apple.product-type.bundle.unit-test";
		};
		C6456CEE1B862D32007E932F /* PresidentsUITests */ = {
			isa = PBXNativeTarget;
			buildConfigurationList = C6456CFE1B862D32007E932F /* Build configuration list for PBXNativeTarget "PresidentsUITests" */;
			buildPhases = (
				C6456CEB1B862D32007E932F /* Sources */,
				C6456CEC1B862D32007E932F /* Frameworks */,
				C6456CED1B862D32007E932F /* Resources */,
			);
			buildRules = (
			);
			dependencies = (
				C6456CF11B862D32007E932F /* PBXTargetDependency */,
			);
			name = PresidentsUITests;
			productName = PresidentsUITests;
			productReference = C6456CEF1B862D32007E932F /* PresidentsUITests.xctest */;
			productType = "com.apple.product-type.bundle.ui-testing";
		};
/* End PBXNativeTarget section */

/* Begin PBXProject section */
		C6456CC01B862D31007E932F /* Project object */ = {
			isa = PBXProject;
			attributes = {
				LastUpgradeCheck = 0700;
				ORGANIZATIONNAME = James;
				TargetAttributes = {
					C6456CC71B862D31007E932F = {
						CreatedOnToolsVersion = 7.0;
					};
					C6456CE31B862D32007E932F = {
						CreatedOnToolsVersion = 7.0;
						TestTargetID = C6456CC71B862D31007E932F;
					};
					C6456CEE1B862D32007E932F = {
						CreatedOnToolsVersion = 7.0;
						TestTargetID = C6456CC71B862D31007E932F;
					};
				};
			};
			buildConfigurationList = C6456CC31B862D31007E932F /* Build configuration list for PBXProject "Presidents" */;
			compatibilityVersion = "Xcode 3.2";
			developmentRegion = English;
			hasScannedForEncodings = 0;
			knownRegions = (
				en,
				Base,
			);
			mainGroup = C6456CBF1B862D31007E932F;
			productRefGroup = C6456CC91B862D31007E932F /* Products */;
			projectDirPath = "";
			projectRoot = "";
			targets = (
				C6456CC71B862D31007E932F /* Presidents */,
				C6456CE31B862D32007E932F /* PresidentsTests */,
				C6456CEE1B862D32007E932F /* PresidentsUITests */,
			);
		};
/* End PBXProject section */

/* Begin PBXResourcesBuildPhase section */
		C6456CC61B862D31007E932F /* Resources */ = {
			isa = PBXResourcesBuildPhase;
			buildActionMask = 2147483647;
			files = (
				C6456CDE1B862D32007E932F /* LaunchScreen.storyboard in Resources */,
				C6456CDB1B862D32007E932F /* Assets.xcassets in Resources */,
				C6456CD91B862D32007E932F /* Main.storyboard in Resources */,
				C6F3D9451B8E12920086EB83 /* PresidentList.plist in Resources */,
			);
			runOnlyForDeploymentPostprocessing = 0;
		};
		C6456CE21B862D32007E932F /* Resources */ = {
			isa = PBXResourcesBuildPhase;
			buildActionMask = 2147483647;
			files = (
			);
			runOnlyForDeploymentPostprocessing = 0;
		};
		C6456CED1B862D32007E932F /* Resources */ = {
			isa = PBXResourcesBuildPhase;
			buildActionMask = 2147483647;
			files = (
			);
			runOnlyForDeploymentPostprocessing = 0;
		};
/* End PBXResourcesBuildPhase section */

/* Begin PBXSourcesBuildPhase section */
		C6456CC41B862D31007E932F /* Sources */ = {
			isa = PBXSourcesBuildPhase;
			buildActionMask = 2147483647;
			files = (
				C6456CD01B862D31007E932F /* AppDelegate.m in Sources */,
				C6456CD31B862D31007E932F /* MasterViewController.m in Sources */,
				C6456CCD1B862D31007E932F /* main.m in Sources */,
				C6A497231B8F640400327547 /* LanguageListController.m in Sources */,
				C6456CD61B862D31007E932F /* DetailViewController.m in Sources */,
			);
			runOnlyForDeploymentPostprocessing = 0;
		};
		C6456CE01B862D32007E932F /* Sources */ = {
			isa = PBXSourcesBuildPhase;
			buildActionMask = 2147483647;
			files = (
				C6456CE91B862D32007E932F /* PresidentsTests.m in Sources */,
			);
			runOnlyForDeploymentPostprocessing = 0;
		};
		C6456CEB1B862D32007E932F /* Sources */ = {
			isa = PBXSourcesBuildPhase;
			buildActionMask = 2147483647;
			files = (
				C6456CF41B862D32007E932F /* PresidentsUITests.m in Sources */,
			);
			runOnlyForDeploymentPostprocessing = 0;
		};
/* End PBXSourcesBuildPhase section */

/* Begin PBXTargetDependency section */
		C6456CE61B862D32007E932F /* PBXTargetDependency */ = {
			isa = PBXTargetDependency;
			target = C6456CC71B862D31007E932F /* Presidents */;
			targetProxy = C6456CE51B862D32007E932F /* PBXContainerItemProxy */;
		};
		C6456CF11B862D32007E932F /* PBXTargetDependency */ = {
			isa = PBXTargetDependency;
			target = C6456CC71B862D31007E932F /* Presidents */;
			targetProxy = C6456CF01B862D32007E932F /* PBXContainerItemProxy */;
		};
/* End PBXTargetDependency section */

/* Begin PBXVariantGroup section */
		C6456CD71B862D32007E932F /* Main.storyboard */ = {
			isa = PBXVariantGroup;
			children = (
				C6456CD81B862D32007E932F /* Base */,
			);
			name = Main.storyboard;
			sourceTree = "<group>";
		};
		C6456CDC1B862D32007E932F /* LaunchScreen.storyboard */ = {
			isa = PBXVariantGroup;
			children = (
				C6456CDD1B862D32007E932F /* Base */,
			);
			name = LaunchScreen.storyboard;
			sourceTree = "<group>";
		};
/* End PBXVariantGroup section */

/* Begin XCBuildConfiguration section */
		C6456CF61B862D32007E932F /* Debug */ = {
			isa = XCBuildConfiguration;
			buildSettings = {
				ALWAYS_SEARCH_USER_PATHS = NO;
				CLANG_CXX_LANGUAGE_STANDARD = "gnu++0x";
				CLANG_CXX_LIBRARY = "libc++";
				CLANG_ENABLE_MODULES = YES;
				CLANG_ENABLE_OBJC_ARC = YES;
				CLANG_WARN_BOOL_CONVERSION = YES;
				CLANG_WARN_CONSTANT_CONVERSION = YES;
				CLANG_WARN_DIRECT_OBJC_ISA_USAGE = YES_ERROR;
				CLANG_WARN_EMPTY_BODY = YES;
				CLANG_WARN_ENUM_CONVERSION = YES;
				CLANG_WARN_INT_CONVERSION = YES;
				CLANG_WARN_OBJC_ROOT_CLASS = YES_ERROR;
				CLANG_WARN_UNREACHABLE_CODE = YES;
				CLANG_WARN__DUPLICATE_METHOD_MATCH = YES;
				"CODE_SIGN_IDENTITY[sdk=iphoneos*]" = "iPhone Developer";
				COPY_PHASE_STRIP = NO;
				DEBUG_INFORMATION_FORMAT = dwarf;
				ENABLE_STRICT_OBJC_MSGSEND = YES;
				ENABLE_TESTABILITY = YES;
				GCC_C_LANGUAGE_STANDARD = gnu99;
				GCC_DYNAMIC_NO_PIC = NO;
				GCC_NO_COMMON_BLOCKS = YES;
				GCC_OPTIMIZATION_LEVEL = 0;
				GCC_PREPROCESSOR_DEFINITIONS = (
					"DEBUG=1",
					"$(inherited)",
				);
				GCC_WARN_64_TO_32_BIT_CONVERSION = YES;
				GCC_WARN_ABOUT_RETURN_TYPE = YES_ERROR;
				GCC_WARN_UNDECLARED_SELECTOR = YES;
				GCC_WARN_UNINITIALIZED_AUTOS = YES_AGGRESSIVE;
				GCC_WARN_UNUSED_FUNCTION = YES;
				GCC_WARN_UNUSED_VARIABLE = YES;
				IPHONEOS_DEPLOYMENT_TARGET = 9.0;
				MTL_ENABLE_DEBUG_INFO = YES;
				ONLY_ACTIVE_ARCH = YES;
				SDKROOT = iphoneos;
				TARGETED_DEVICE_FAMILY = "1,2";
			};
			name = Debug;
		};
		C6456CF71B862D32007E932F /* Release */ = {
			isa = XCBuildConfiguration;
			buildSettings = {
				ALWAYS_SEARCH_USER_PATHS = NO;
				CLANG_CXX_LANGUAGE_STANDARD = "gnu++0x";
				CLANG_CXX_LIBRARY = "libc++";
				CLANG_ENABLE_MODULES = YES;
				CLANG_ENABLE_OBJC_ARC = YES;
				CLANG_WARN_BOOL_CONVERSION = YES;
				CLANG_WARN_CONSTANT_CONVERSION = YES;
				CLANG_WARN_DIRECT_OBJC_ISA_USAGE = YES_ERROR;
				CLANG_WARN_EMPTY_BODY = YES;
				CLANG_WARN_ENUM_CONVERSION = YES;
				CLANG_WARN_INT_CONVERSION = YES;
				CLANG_WARN_OBJC_ROOT_CLASS = YES_ERROR;
				CLANG_WARN_UNREACHABLE_CODE = YES;
				CLANG_WARN__DUPLICATE_METHOD_MATCH = YES;
				"CODE_SIGN_IDENTITY[sdk=iphoneos*]" = "iPhone Developer";
				COPY_PHASE_STRIP = NO;
				DEBUG_INFORMATION_FORMAT = "dwarf-with-dsym";
				ENABLE_NS_ASSERTIONS = NO;
				ENABLE_STRICT_OBJC_MSGSEND = YES;
				GCC_C_LANGUAGE_STANDARD = gnu99;
				GCC_NO_COMMON_BLOCKS = YES;
				GCC_WARN_64_TO_32_BIT_CONVERSION = YES;
				GCC_WARN_ABOUT_RETURN_TYPE = YES_ERROR;
				GCC_WARN_UNDECLARED_SELECTOR = YES;
				GCC_WARN_UNINITIALIZED_AUTOS = YES_AGGRESSIVE;
				GCC_WARN_UNUSED_FUNCTION = YES;
				GCC_WARN_UNUSED_VARIABLE = YES;
				IPHONEOS_DEPLOYMENT_TARGET = 9.0;
				MTL_ENABLE_DEBUG_INFO = NO;
				SDKROOT = iphoneos;
				TARGETED_DEVICE_FAMILY = "1,2";
				VALIDATE_PRODUCT = YES;
			};
			name = Release;
		};
		C6456CF91B862D32007E932F /* Debug */ = {
			isa = XCBuildConfiguration;
			buildSettings = {
				ASSETCATALOG_COMPILER_APPICON_NAME = AppIcon;
				INFOPLIST_FILE = Presidents/Info.plist;
				LD_RUNPATH_SEARCH_PATHS = "$(inherited) @executable_path/Frameworks";
				PRODUCT_BUNDLE_IDENTIFIER = com.createdbyjames.Presidents;
				PRODUCT_NAME = "$(TARGET_NAME)";
			};
			name = Debug;
		};
		C6456CFA1B862D32007E932F /* Release */ = {
			isa = XCBuildConfiguration;
			buildSettings = {
				ASSETCATALOG_COMPILER_APPICON_NAME = AppIcon;
				INFOPLIST_FILE = Presidents/Info.plist;
				LD_RUNPATH_SEARCH_PATHS = "$(inherited) @executable_path/Frameworks";
				PRODUCT_BUNDLE_IDENTIFIER = com.createdbyjames.Presidents;
				PRODUCT_NAME = "$(TARGET_NAME)";
			};
			name = Release;
		};
		C6456CFC1B862D32007E932F /* Debug */ = {
			isa = XCBuildConfiguration;
			buildSettings = {
				BUNDLE_LOADER = "$(TEST_HOST)";
				INFOPLIST_FILE = PresidentsTests/Info.plist;
				LD_RUNPATH_SEARCH_PATHS = "$(inherited) @executable_path/Frameworks @loader_path/Frameworks";
				PRODUCT_BUNDLE_IDENTIFIER = com.createdbyjames.PresidentsTests;
				PRODUCT_NAME = "$(TARGET_NAME)";
				TEST_HOST = "$(BUILT_PRODUCTS_DIR)/Presidents.app/Presidents";
			};
			name = Debug;
		};
		C6456CFD1B862D32007E932F /* Release */ = {
			isa = XCBuildConfiguration;
			buildSettings = {
				BUNDLE_LOADER = "$(TEST_HOST)";
				INFOPLIST_FILE = PresidentsTests/Info.plist;
				LD_RUNPATH_SEARCH_PATHS = "$(inherited) @executable_path/Frameworks @loader_path/Frameworks";
				PRODUCT_BUNDLE_IDENTIFIER = com.createdbyjames.PresidentsTests;
				PRODUCT_NAME = "$(TARGET_NAME)";
				TEST_HOST = "$(BUILT_PRODUCTS_DIR)/Presidents.app/Presidents";
			};
			name = Release;
		};
		C6456CFF1B862D32007E932F /* Debug */ = {
			isa = XCBuildConfiguration;
			buildSettings = {
				INFOPLIST_FILE = PresidentsUITests/Info.plist;
				LD_RUNPATH_SEARCH_PATHS = "$(inherited) @executable_path/Frameworks @loader_path/Frameworks";
				PRODUCT_BUNDLE_IDENTIFIER = com.createdbyjames.PresidentsUITests;
				PRODUCT_NAME = "$(TARGET_NAME)";
				TEST_TARGET_NAME = Presidents;
				USES_XCTRUNNER = YES;
			};
			name = Debug;
		};
		C6456D001B862D32007E932F /* Release */ = {
			isa = XCBuildConfiguration;
			buildSettings = {
				INFOPLIST_FILE = PresidentsUITests/Info.plist;
				LD_RUNPATH_SEARCH_PATHS = "$(inherited) @executable_path/Frameworks @loader_path/Frameworks";
				PRODUCT_BUNDLE_IDENTIFIER = com.createdbyjames.PresidentsUITests;
				PRODUCT_NAME = "$(TARGET_NAME)";
				TEST_TARGET_NAME = Presidents;
				USES_XCTRUNNER = YES;
			};
			name = Release;
		};
/* End XCBuildConfiguration section */

/* Begin XCConfigurationList section */
		C6456CC31B862D31007E932F /* Build configuration list for PBXProject "Presidents" */ = {
			isa = XCConfigurationList;
			buildConfigurations = (
				C6456CF61B862D32007E932F /* Debug */,
				C6456CF71B862D32007E932F /* Release */,
			);
			defaultConfigurationIsVisible = 0;
			defaultConfigurationName = Release;
		};
		C6456CF81B862D32007E932F /* Build configuration list for PBXNativeTarget "Presidents" */ = {
			isa = XCConfigurationList;
			buildConfigurations = (
				C6456CF91B862D32007E932F /* Debug */,
				C6456CFA1B862D32007E932F /* Release */,
			);
			defaultConfigurationIsVisible = 0;
			defaultConfigurationName = Release;
		};
		C6456CFB1B862D32007E932F /* Build configuration list for PBXNativeTarget "PresidentsTests" */ = {
			isa = XCConfigurationList;
			buildConfigurations = (
				C6456CFC1B862D32007E932F /* Debug */,
				C6456CFD1B862D32007E932F /* Release */,
			);
			defaultConfigurationIsVisible = 0;
			defaultConfigurationName = Release;
		};
		C6456CFE1B862D32007E932F /* Build configuration list for PBXNativeTarget "PresidentsUITests" */ = {
			isa = XCConfigurationList;
			buildConfigurations = (
				C6456CFF1B862D32007E932F /* Debug */,
				C6456D001B862D32007E932F /* Release */,
			);
			defaultConfigurationIsVisible = 0;
			defaultConfigurationName = Release;
		};
/* End XCConfigurationList section */
	};
	rootObject = C6456CC01B862D31007E932F /* Project object */;
}
